{
  "requires": true,
  "lockfileVersion": 1,
  "dependencies": {
    "date-fns": {
      "version": "1.30.1",
      "resolved": "https://registry.npmjs.org/date-fns/-/date-fns-1.30.1.tgz",
      "integrity": "sha512-hBSVCvSmWC+QypYObzwGOd9wqdDpOt+0wl0KbU+R+uuZBS1jN8VsD1ss3irQDknRj5NvxiTF6oj/nDRnN/UQNw=="
    },
    "vue-timeago": {
      "version": "5.1.3",
      "resolved": "https://registry.npmjs.org/vue-timeago/-/vue-timeago-5.1.3.tgz",
      "integrity": "sha512-lHTRuOXhQzQXa6SC52IlO6UyWBZ5eIyD819QGIep++D61HeCV15h/WZ7M1iEsOWttjztMpg+3wYWHO3i2Ijdzw==",
      "requires": {
        "date-fns": "^1.29.0"
      }
    }
  }
}
